
Microsoft Visual Studio Solution File, Format Version 12.00
# Visual Studio Version 16
VisualStudioVersion = 16.0.30204.135
MinimumVisualStudioVersion = 10.0.40219.1
Project("{FAE04EC0-301F-11D3-BF4B-00C04F79EFBC}") = "eRezlife_Assessment", "eRezlife_Assessment\eRezlife_Assessment.csproj", "{ED4EA5BF-0A4A-45D3-B894-C7803887CE84}"
EndProject
Global
	GlobalSection(SolutionConfigurationPlatforms) = preSolution
		Debug|Any CPU = Debug|Any CPU
		Release|Any CPU = Release|Any CPU
	EndGlobalSection
	GlobalSection(ProjectConfigurationPlatforms) = postSolution
		{ED4EA5BF-0A4A-45D3-B894-C7803887CE84}.Debug|Any CPU.ActiveCfg = Debug|Any CPU
		{ED4EA5BF-0A4A-45D3-B894-C7803887CE84}.Debug|Any CPU.Build.0 = Debug|Any CPU
		{ED4EA5BF-0A4A-45D3-B894-C7803887CE84}.Release|Any CPU.ActiveCfg = Release|Any CPU
		{ED4EA5BF-0A4A-45D3-B894-C7803887CE84}.Release|Any CPU.Build.0 = Release|Any CPU
	EndGlobalSection
	GlobalSection(SolutionProperties) = preSolution
		HideSolutionNode = FALSE
	EndGlobalSection
	GlobalSection(ExtensibilityGlobals) = postSolution
		SolutionGuid = {F89075E4-2D70-436F-98B6-91768C516276}
	EndGlobalSection
EndGlobal
